
Microsoft Visual Studio Solution File, Format Version 12.00
# Visual Studio Version 17
VisualStudioVersion = 17.1.32421.90
MinimumVisualStudioVersion = 10.0.40219.1
Project("{FAE04EC0-301F-11D3-BF4B-00C04F79EFBC}") = "ProyectoFinal", "ProyectoFinal.csproj", "{D8F945E9-6463-4240-9C0F-131336A68D63}"
EndProject
Project("{FAE04EC0-301F-11D3-BF4B-00C04F79EFBC}") = "API", "..\API\API.csproj", "{2268FC9C-8AAD-4415-876D-ACE0A141062C}"
	ProjectSection(ProjectDependencies) = postProject
		{08588F4D-4C42-45F0-AE3F-66B956608905} = {08588F4D-4C42-45F0-AE3F-66B956608905}
		{59F0F759-F8ED-49E9-90A4-450517BDB923} = {59F0F759-F8ED-49E9-90A4-450517BDB923}
		{3717E8D6-07B4-4056-8BDB-A8228B3D515F} = {3717E8D6-07B4-4056-8BDB-A8228B3D515F}
	EndProjectSection
EndProject
Project("{FAE04EC0-301F-11D3-BF4B-00C04F79EFBC}") = "Servicios", "..\Servicios\Servicios.csproj", "{08588F4D-4C42-45F0-AE3F-66B956608905}"
	ProjectSection(ProjectDependencies) = postProject
		{59F0F759-F8ED-49E9-90A4-450517BDB923} = {59F0F759-F8ED-49E9-90A4-450517BDB923}
		{3717E8D6-07B4-4056-8BDB-A8228B3D515F} = {3717E8D6-07B4-4056-8BDB-A8228B3D515F}
	EndProjectSection
EndProject
Project("{FAE04EC0-301F-11D3-BF4B-00C04F79EFBC}") = "Repositorio", "..\Repositorio\Repositorio.csproj", "{59F0F759-F8ED-49E9-90A4-450517BDB923}"
	ProjectSection(ProjectDependencies) = postProject
		{3717E8D6-07B4-4056-8BDB-A8228B3D515F} = {3717E8D6-07B4-4056-8BDB-A8228B3D515F}
	EndProjectSection
EndProject
Project("{FAE04EC0-301F-11D3-BF4B-00C04F79EFBC}") = "Modelos", "..\Modelos\Modelos.csproj", "{3717E8D6-07B4-4056-8BDB-A8228B3D515F}"
EndProject
Global
	GlobalSection(SolutionConfigurationPlatforms) = preSolution
		Debug|Any CPU = Debug|Any CPU
		Release|Any CPU = Release|Any CPU
	EndGlobalSection
	GlobalSection(ProjectConfigurationPlatforms) = postSolution
		{D8F945E9-6463-4240-9C0F-131336A68D63}.Debug|Any CPU.ActiveCfg = Debug|Any CPU
		{D8F945E9-6463-4240-9C0F-131336A68D63}.Debug|Any CPU.Build.0 = Debug|Any CPU
		{D8F945E9-6463-4240-9C0F-131336A68D63}.Release|Any CPU.ActiveCfg = Release|Any CPU
		{D8F945E9-6463-4240-9C0F-131336A68D63}.Release|Any CPU.Build.0 = Release|Any CPU
		{2268FC9C-8AAD-4415-876D-ACE0A141062C}.Debug|Any CPU.ActiveCfg = Debug|Any CPU
		{2268FC9C-8AAD-4415-876D-ACE0A141062C}.Debug|Any CPU.Build.0 = Debug|Any CPU
		{2268FC9C-8AAD-4415-876D-ACE0A141062C}.Release|Any CPU.ActiveCfg = Release|Any CPU
		{2268FC9C-8AAD-4415-876D-ACE0A141062C}.Release|Any CPU.Build.0 = Release|Any CPU
		{08588F4D-4C42-45F0-AE3F-66B956608905}.Debug|Any CPU.ActiveCfg = Debug|Any CPU
		{08588F4D-4C42-45F0-AE3F-66B956608905}.Debug|Any CPU.Build.0 = Debug|Any CPU
		{08588F4D-4C42-45F0-AE3F-66B956608905}.Release|Any CPU.ActiveCfg = Release|Any CPU
		{08588F4D-4C42-45F0-AE3F-66B956608905}.Release|Any CPU.Build.0 = Release|Any CPU
		{59F0F759-F8ED-49E9-90A4-450517BDB923}.Debug|Any CPU.ActiveCfg = Debug|Any CPU
		{59F0F759-F8ED-49E9-90A4-450517BDB923}.Debug|Any CPU.Build.0 = Debug|Any CPU
		{59F0F759-F8ED-49E9-90A4-450517BDB923}.Release|Any CPU.ActiveCfg = Release|Any CPU
		{59F0F759-F8ED-49E9-90A4-450517BDB923}.Release|Any CPU.Build.0 = Release|Any CPU
		{3717E8D6-07B4-4056-8BDB-A8228B3D515F}.Debug|Any CPU.ActiveCfg = Debug|Any CPU
		{3717E8D6-07B4-4056-8BDB-A8228B3D515F}.Debug|Any CPU.Build.0 = Debug|Any CPU
		{3717E8D6-07B4-4056-8BDB-A8228B3D515F}.Release|Any CPU.ActiveCfg = Release|Any CPU
		{3717E8D6-07B4-4056-8BDB-A8228B3D515F}.Release|Any CPU.Build.0 = Release|Any CPU
	EndGlobalSection
	GlobalSection(SolutionProperties) = preSolution
		HideSolutionNode = FALSE
	EndGlobalSection
	GlobalSection(ExtensibilityGlobals) = postSolution
		SolutionGuid = {11B0BA2E-10A1-43FC-B3B9-DF269AC9B4BA}
	EndGlobalSection
EndGlobal
